{
  "object": {
    "pins": [
      {
        "package": "SwiftUICharts",
        "repositoryURL": "https://github.com/alexander480/ChartView",
        "state": {
          "branch": null,
          "revision": "46fe74b7d36f3b5715f55e6965f4a4ba96bd843f",
          "version": "1.5.9"
        }
      }
    ]
  },
  "version": 1
}
