{
  "object": {
    "pins": [
      {
        "package": "ALExt",
        "repositoryURL": "https://github.com/alexander480/ALExt.git",
        "state": {
          "branch": null,
          "revision": "5b9356f3b3d3e8f22dac1c4dc6b3cb71874def1f",
          "version": "1.0.10"
        }
      },
      {
        "package": "SwiftUICharts",
        "repositoryURL": "https://github.com/AppPear/ChartView",
        "state": {
          "branch": null,
          "revision": "9115a992c91fa19cbb4f2241084240d38654a1fc",
          "version": "1.5.5"
        }
      }
    ]
  },
  "version": 1
}
